<?xml version="1.0" encoding="utf-8"?>
<Project ToolsVersion="4.0" xmlns="http://schemas.microsoft.com/developer/msbuild/2003">
  <ItemGroup>
    <Filter Include="Archivos de origen">
      <UniqueIdentifier>{4FC737F1-C7A5-4376-A066-2A32D752A2FF}</UniqueIdentifier>
      <Extensions>cpp;c;cc;cxx;def;odl;idl;hpj;bat;asm;asmx</Extensions>
    </Filter>
    <Filter Include="Archivos de encabezado">
      <UniqueIdentifier>{93995380-89BD-4b04-88EB-625FBE52EBFB}</UniqueIdentifier>
      <Extensions>h;hh;hpp;hxx;hm;inl;inc;ipp;xsd</Extensions>
    </Filter>
    <Filter Include="Archivos de recursos">
      <UniqueIdentifier>{67DA6AB6-F800-4c08-8B7A-83BB121AAD01}</UniqueIdentifier>
      <Extensions>rc;ico;cur;bmp;dlg;rc2;rct;bin;rgs;gif;jpg;jpeg;jpe;resx;tiff;tif;png;wav;mfcribbon-ms</Extensions>
    </Filter>
    <Filter Include="Archivos de recursos\shader">
      <UniqueIdentifier>{01989ddd-6dec-4d40-8ac5-4b25b22ad032}</UniqueIdentifier>
    </Filter>
    <Filter Include="Archivos de origen\imgui">
      <UniqueIdentifier>{9858d499-6deb-45a6-bb2e-7af3f198a502}</UniqueIdentifier>
    </Filter>
    <Filter Include="Archivos de origen\glad">
      <UniqueIdentifier>{c3fe6b65-e630-42e8-bdcb-da5d6bec1785}</UniqueIdentifier>
    </Filter>
    <Filter Include="Archivos de encabezado\imgui">
      <UniqueIdentifier>{52538321-6274-475a-958d-556b1f77073d}</UniqueIdentifier>
    </Filter>
    <Filter Include="Archivos de encabezado\glad">
      <UniqueIdentifier>{0b208122-7287-42b7-8ff6-eddc708fc52b}</UniqueIdentifier>
    </Filter>
    <Filter Include="Archivos de encabezado\stb">
      <UniqueIdentifier>{3586bee5-9e10-4221-9c80-f568aff6375c}</UniqueIdentifier>
    </Filter>
    <Filter Include="Archivos de encabezado\scene">
      <UniqueIdentifier>{c5fb8a3f-f0ab-4aee-8fbc-a0cd3c942eba}</UniqueIdentifier>
    </Filter>
    <Filter Include="Archivos de origen\scene">
      <UniqueIdentifier>{aa75e0ad-f23d-451d-9ecd-a3dc90a29ebf}</UniqueIdentifier>
    </Filter>
    <Filter Include="Archivos de recursos\shader\normal_mapping">
      <UniqueIdentifier>{08766534-9aeb-4775-afe8-a37618f60fbc}</UniqueIdentifier>
    </Filter>
  </ItemGroup>
  <ItemGroup>
    <ClInclude Include="src\imgui\imconfig.h">
      <Filter>Archivos de encabezado\imgui</Filter>
    </ClInclude>
    <ClInclude Include="src\imgui\imgui.h">
      <Filter>Archivos de encabezado\imgui</Filter>
    </ClInclude>
    <ClInclude Include="src\imgui\imgui_impl_glfw.h">
      <Filter>Archivos de encabezado\imgui</Filter>
    </ClInclude>
    <ClInclude Include="src\imgui\imgui_impl_opengl3.h">
      <Filter>Archivos de encabezado\imgui</Filter>
    </ClInclude>
    <ClInclude Include="src\imgui\imgui_internal.h">
      <Filter>Archivos de encabezado\imgui</Filter>
    </ClInclude>
    <ClInclude Include="src\imgui\imgui_stdlib.h">
      <Filter>Archivos de encabezado\imgui</Filter>
    </ClInclude>
    <ClInclude Include="src\imgui\imstb_rectpack.h">
      <Filter>Archivos de encabezado\imgui</Filter>
    </ClInclude>
    <ClInclude Include="src\imgui\imstb_textedit.h">
      <Filter>Archivos de encabezado\imgui</Filter>
    </ClInclude>
    <ClInclude Include="src\imgui\imstb_truetype.h">
      <Filter>Archivos de encabezado\imgui</Filter>
    </ClInclude>
    <ClInclude Include="src\glad\glad.h">
      <Filter>Archivos de encabezado\glad</Filter>
    </ClInclude>
    <ClInclude Include="src\glad\khrplatform.h">
      <Filter>Archivos de encabezado\glad</Filter>
    </ClInclude>
    <ClInclude Include="src\stb\stb_image.h">
      <Filter>Archivos de encabezado\stb</Filter>
    </ClInclude>
    <ClInclude Include="src\camera.hpp">
      <Filter>Archivos de encabezado</Filter>
    </ClInclude>
    <ClInclude Include="src\dirseparator.hpp">
      <Filter>Archivos de encabezado</Filter>
    </ClInclude>
    <ClInclude Include="src\glslexception.hpp">
      <Filter>Archivos de encabezado</Filter>
    </ClInclude>
    <ClInclude Include="src\glslprogram.hpp">
      <Filter>Archivos de encabezado</Filter>
    </ClInclude>
    <ClInclude Include="src\light.hpp">
      <Filter>Archivos de encabezado</Filter>
    </ClInclude>
    <ClInclude Include="src\material.hpp">
      <Filter>Archivos de encabezado</Filter>
    </ClInclude>
    <ClInclude Include="src\model.hpp">
      <Filter>Archivos de encabezado</Filter>
    </ClInclude>
    <ClInclude Include="src\mouse.hpp">
      <Filter>Archivos de encabezado</Filter>
    </ClInclude>
    <ClInclude Include="src\shader.hpp">
      <Filter>Archivos de encabezado</Filter>
    </ClInclude>
    <ClInclude Include="src\texture.hpp">
      <Filter>Archivos de encabezado</Filter>
    </ClInclude>
    <ClInclude Include="src\scene\scene.hpp">
      <Filter>Archivos de encabezado\scene</Filter>
    </ClInclude>
    <ClInclude Include="src\scene\scenelight.hpp">
      <Filter>Archivos de encabezado\scene</Filter>
    </ClInclude>
    <ClInclude Include="src\scene\scenemodel.hpp">
      <Filter>Archivos de encabezado\scene</Filter>
    </ClInclude>
    <ClInclude Include="src\scene\sceneprogram.hpp">
      <Filter>Archivos de encabezado\scene</Filter>
    </ClInclude>
    <ClInclude Include="src\scene\scenematerial.hpp">
      <Filter>Archivos de encabezado\scene</Filter>
    </ClInclude>
    <ClInclude Include="src\scene\scenecamera.hpp">
      <Filter>Archivos de encabezado\scene</Filter>
    </ClInclude>
  </ItemGroup>
  <ItemGroup>
    <ClCompile Include="src\imgui\imgui.cpp">
      <Filter>Archivos de origen\imgui</Filter>
    </ClCompile>
    <ClCompile Include="src\imgui\imgui_demo.cpp">
      <Filter>Archivos de origen\imgui</Filter>
    </ClCompile>
    <ClCompile Include="src\imgui\imgui_draw.cpp">
      <Filter>Archivos de origen\imgui</Filter>
    </ClCompile>
    <ClCompile Include="src\imgui\imgui_impl_glfw.cpp">
      <Filter>Archivos de origen\imgui</Filter>
    </ClCompile>
    <ClCompile Include="src\imgui\imgui_impl_opengl3.cpp">
      <Filter>Archivos de origen\imgui</Filter>
    </ClCompile>
    <ClCompile Include="src\imgui\imgui_stdlib.cpp">
      <Filter>Archivos de origen\imgui</Filter>
    </ClCompile>
    <ClCompile Include="src\imgui\imgui_widgets.cpp">
      <Filter>Archivos de origen\imgui</Filter>
    </ClCompile>
    <ClCompile Include="src\glad\glad.c">
      <Filter>Archivos de origen\glad</Filter>
    </ClCompile>
    <ClCompile Include="src\camera.cpp">
      <Filter>Archivos de origen</Filter>
    </ClCompile>
    <ClCompile Include="src\glslexception.cpp">
      <Filter>Archivos de origen</Filter>
    </ClCompile>
    <ClCompile Include="src\glslprogram.cpp">
      <Filter>Archivos de origen</Filter>
    </ClCompile>
    <ClCompile Include="src\light.cpp">
      <Filter>Archivos de origen</Filter>
    </ClCompile>
    <ClCompile Include="src\main.cpp">
      <Filter>Archivos de origen</Filter>
    </ClCompile>
    <ClCompile Include="src\material.cpp">
      <Filter>Archivos de origen</Filter>
    </ClCompile>
    <ClCompile Include="src\model.cpp">
      <Filter>Archivos de origen</Filter>
    </ClCompile>
    <ClCompile Include="src\mouse.cpp">
      <Filter>Archivos de origen</Filter>
    </ClCompile>
    <ClCompile Include="src\shader.cpp">
      <Filter>Archivos de origen</Filter>
    </ClCompile>
    <ClCompile Include="src\texture.cpp">
      <Filter>Archivos de origen</Filter>
    </ClCompile>
    <ClCompile Include="src\scene\scene.cpp">
      <Filter>Archivos de origen\scene</Filter>
    </ClCompile>
    <ClCompile Include="src\scene\scenelight.cpp">
      <Filter>Archivos de origen\scene</Filter>
    </ClCompile>
    <ClCompile Include="src\scene\scenemodel.cpp">
      <Filter>Archivos de origen\scene</Filter>
    </ClCompile>
    <ClCompile Include="src\scene\sceneprogram.cpp">
      <Filter>Archivos de origen\scene</Filter>
    </ClCompile>
    <ClCompile Include="src\scene\scenematerial.cpp">
      <Filter>Archivos de origen\scene</Filter>
    </ClCompile>
    <ClCompile Include="src\scene\scenecamera.cpp">
      <Filter>Archivos de origen\scene</Filter>
    </ClCompile>
  </ItemGroup>
  <ItemGroup>
    <None Include="shader\blinn_phong.frag.glsl">
      <Filter>Archivos de recursos\shader</Filter>
    </None>
    <None Include="shader\common.vert.glsl">
      <Filter>Archivos de recursos\shader</Filter>
    </None>
    <None Include="shader\cook_torrance.frag.glsl">
      <Filter>Archivos de recursos\shader</Filter>
    </None>
    <None Include="shader\light.frag.glsl">
      <Filter>Archivos de recursos\shader</Filter>
    </None>
    <None Include="shader\normals.frag.glsl">
      <Filter>Archivos de recursos\shader</Filter>
    </None>
    <None Include="shader\oren_nayar.frag.glsl">
      <Filter>Archivos de recursos\shader</Filter>
    </None>
    <None Include="shader\normal_mapping\common_nm.vert.glsl">
      <Filter>Archivos de recursos\shader\normal_mapping</Filter>
    </None>
    <None Include="shader\normal_mapping\blinn_phong_nm.frag.glsl">
      <Filter>Archivos de recursos\shader\normal_mapping</Filter>
    </None>
    <None Include="shader\normal_mapping\cook_torrance_nm.frag.glsl">
      <Filter>Archivos de recursos\shader\normal_mapping</Filter>
    </None>
    <None Include="shader\normal_mapping\oren_nayar_nm.frag.glsl">
      <Filter>Archivos de recursos\shader\normal_mapping</Filter>
    </None>
    <None Include="shader\normal_mapping\normals_nm.frag.glsl">
      <Filter>Archivos de recursos\shader\normal_mapping</Filter>
    </None>
  </ItemGroup>
</Project>